// !$*UTF8*$!
{
	archiveVersion = 1;
	classes = {
	};
	objectVersion = 77;
	objects = {

/* Begin PBXBuildFile section */
		24E040BF2E96B58300742D63 /* PokeCalcShare.appex in Embed Foundation Extensions */ = {isa = PBXBuildFile; fileRef = 24E040B52E96B58200742D63 /* PokeCalcShare.appex */; settings = {ATTRIBUTES = (RemoveHeadersOnCopy, ); }; };
		24E040CD2E96B59E00742D63 /* WidgetKit.framework in Frameworks */ = {isa = PBXBuildFile; fileRef = 24E040CC2E96B59E00742D63 /* WidgetKit.framework */; };
		24E040CF2E96B59E00742D63 /* SwiftUI.framework in Frameworks */ = {isa = PBXBuildFile; fileRef = 24E040CE2E96B59E00742D63 /* SwiftUI.framework */; };
		24E040E02E96B59F00742D63 /* PokeCalcWidgetExtension.appex in Embed Foundation Extensions */ = {isa = PBXBuildFile; fileRef = 24E040CA2E96B59E00742D63 /* PokeCalcWidgetExtension.appex */; settings = {ATTRIBUTES = (RemoveHeadersOnCopy, ); }; };
/* End PBXBuildFile section */

/* Begin PBXContainerItemProxy section */
		24E040942E96B4A000742D63 /* PBXContainerItemProxy */ = {
			isa = PBXContainerItemProxy;
			containerPortal = 24E0407B2E96B49F00742D63 /* Project object */;
			proxyType = 1;
			remoteGlobalIDString = 24E040822E96B49F00742D63;
			remoteInfo = PokeCalc;
		};
		24E0409E2E96B4A000742D63 /* PBXContainerItemProxy */ = {
			isa = PBXContainerItemProxy;
			containerPortal = 24E0407B2E96B49F00742D63 /* Project object */;
			proxyType = 1;
			remoteGlobalIDString = 24E040822E96B49F00742D63;
			remoteInfo = PokeCalc;
		};
		24E040BD2E96B58300742D63 /* PBXContainerItemProxy */ = {
			isa = PBXContainerItemProxy;
			containerPortal = 24E0407B2E96B49F00742D63 /* Project object */;
			proxyType = 1;
			remoteGlobalIDString = 24E040B42E96B58200742D63;
			remoteInfo = PokeCalcShare;
		};
		24E040DE2E96B59F00742D63 /* PBXContainerItemProxy */ = {
			isa = PBXContainerItemProxy;
			containerPortal = 24E0407B2E96B49F00742D63 /* Project object */;
			proxyType = 1;
			remoteGlobalIDString = 24E040C92E96B59E00742D63;
			remoteInfo = PokeCalcWidgetExtension;
		};
/* End PBXContainerItemProxy section */

/* Begin PBXCopyFilesBuildPhase section */
		24E040C42E96B58300742D63 /* Embed Foundation Extensions */ = {
			isa = PBXCopyFilesBuildPhase;
			buildActionMask = 2147483647;
			dstPath = "";
			dstSubfolderSpec = 13;
			files = (
				24E040E02E96B59F00742D63 /* PokeCalcWidgetExtension.appex in Embed Foundation Extensions */,
				24E040BF2E96B58300742D63 /* PokeCalcShare.appex in Embed Foundation Extensions */,
			);
			name = "Embed Foundation Extensions";
			runOnlyForDeploymentPostprocessing = 0;
		};
/* End PBXCopyFilesBuildPhase section */

/* Begin PBXFileReference section */
		24E040832E96B49F00742D63 /* PokeCalc.app */ = {isa = PBXFileReference; explicitFileType = wrapper.application; includeInIndex = 0; path = PokeCalc.app; sourceTree = BUILT_PRODUCTS_DIR; };
		24E040932E96B4A000742D63 /* PokeCalcTests.xctest */ = {isa = PBXFileReference; explicitFileType = wrapper.cfbundle; includeInIndex = 0; path = PokeCalcTests.xctest; sourceTree = BUILT_PRODUCTS_DIR; };
		24E0409D2E96B4A000742D63 /* PokeCalcUITests.xctest */ = {isa = PBXFileReference; explicitFileType = wrapper.cfbundle; includeInIndex = 0; path = PokeCalcUITests.xctest; sourceTree = BUILT_PRODUCTS_DIR; };
		24E040B52E96B58200742D63 /* PokeCalcShare.appex */ = {isa = PBXFileReference; explicitFileType = "wrapper.app-extension"; includeInIndex = 0; path = PokeCalcShare.appex; sourceTree = BUILT_PRODUCTS_DIR; };
		24E040CA2E96B59E00742D63 /* PokeCalcWidgetExtension.appex */ = {isa = PBXFileReference; explicitFileType = "wrapper.app-extension"; includeInIndex = 0; path = PokeCalcWidgetExtension.appex; sourceTree = BUILT_PRODUCTS_DIR; };
		24E040CC2E96B59E00742D63 /* WidgetKit.framework */ = {isa = PBXFileReference; lastKnownFileType = wrapper.framework; name = WidgetKit.framework; path = System/Library/Frameworks/WidgetKit.framework; sourceTree = SDKROOT; };
		24E040CE2E96B59E00742D63 /* SwiftUI.framework */ = {isa = PBXFileReference; lastKnownFileType = wrapper.framework; name = SwiftUI.framework; path = System/Library/Frameworks/SwiftUI.framework; sourceTree = SDKROOT; };
		24E040E52E96B5A400742D63 /* PokeCalcWidgetExtension.entitlements */ = {isa = PBXFileReference; lastKnownFileType = text.plist.entitlements; path = PokeCalcWidgetExtension.entitlements; sourceTree = "<group>"; };
/* End PBXFileReference section */

/* Begin PBXFileSystemSynchronizedBuildFileExceptionSet section */
		24B71BDC2E9865D3005ED2AA /* Exceptions for "PokeCalc" folder in "PokeCalcTests" target */ = {
			isa = PBXFileSystemSynchronizedBuildFileExceptionSet;
			membershipExceptions = (
				Model/DatabaseController.swift,
				Model/Pokemon.swift,
				Model/PokemonNamesFetcher.swift,
				Model/PokemonStats.swift,
				Model/Protocols/APIFetchable.swift,
				Model/Protocols/IDGeneratable.swift,
				Model/Team.swift,
				ViewModel/DatabaseViewModel.swift,
				ViewModel/PokemonNamesViewModel.swift,
				ViewModel/TeamReaderViewModel.swift,
			);
			target = 24E040922E96B4A000742D63 /* PokeCalcTests */;
		};
		24B71BDD2E9865D3005ED2AA /* Exceptions for "PokeCalc" folder in "PokeCalcUITests" target */ = {
			isa = PBXFileSystemSynchronizedBuildFileExceptionSet;
			membershipExceptions = (
				Model/DatabaseController.swift,
				Model/Pokemon.swift,
				Model/PokemonNamesFetcher.swift,
				Model/PokemonStats.swift,
				Model/Protocols/APIFetchable.swift,
				Model/Protocols/IDGeneratable.swift,
				Model/Team.swift,
				ViewModel/DatabaseViewModel.swift,
				ViewModel/PokemonNamesViewModel.swift,
				ViewModel/TeamReaderViewModel.swift,
			);
			target = 24E0409C2E96B4A000742D63 /* PokeCalcUITests */;
		};
		24B71BDE2E9865D3005ED2AA /* Exceptions for "PokeCalc" folder in "PokeCalcShare" target */ = {
			isa = PBXFileSystemSynchronizedBuildFileExceptionSet;
			membershipExceptions = (
				Model/DatabaseController.swift,
				Model/Pokemon.swift,
				Model/PokemonNamesFetcher.swift,
				Model/PokemonStats.swift,
				Model/Protocols/APIFetchable.swift,
				Model/Protocols/IDGeneratable.swift,
				Model/Team.swift,
				ViewModel/DatabaseViewModel.swift,
				ViewModel/PokemonNamesViewModel.swift,
				ViewModel/TeamReaderViewModel.swift,
			);
			target = 24E040B42E96B58200742D63 /* PokeCalcShare */;
		};
		24B71BDF2E9865D3005ED2AA /* Exceptions for "PokeCalc" folder in "PokeCalcWidgetExtension" target */ = {
			isa = PBXFileSystemSynchronizedBuildFileExceptionSet;
			membershipExceptions = (
				Model/DatabaseController.swift,
				Model/Pokemon.swift,
				Model/PokemonNamesFetcher.swift,
				Model/PokemonStats.swift,
				Model/Protocols/APIFetchable.swift,
				Model/Protocols/IDGeneratable.swift,
				Model/Team.swift,
				ViewModel/DatabaseViewModel.swift,
			);
			target = 24E040C92E96B59E00742D63 /* PokeCalcWidgetExtension */;
		};
		24E040C02E96B58300742D63 /* Exceptions for "PokeCalcShare" folder in "PokeCalcShare" target */ = {
			isa = PBXFileSystemSynchronizedBuildFileExceptionSet;
			membershipExceptions = (
				Info.plist,
			);
			target = 24E040B42E96B58200742D63 /* PokeCalcShare */;
		};
		24E040E12E96B59F00742D63 /* Exceptions for "PokeCalcWidget" folder in "PokeCalcWidgetExtension" target */ = {
			isa = PBXFileSystemSynchronizedBuildFileExceptionSet;
			membershipExceptions = (
				Info.plist,
			);
			target = 24E040C92E96B59E00742D63 /* PokeCalcWidgetExtension */;
		};
/* End PBXFileSystemSynchronizedBuildFileExceptionSet section */

/* Begin PBXFileSystemSynchronizedRootGroup section */
		24E040852E96B49F00742D63 /* PokeCalc */ = {
			isa = PBXFileSystemSynchronizedRootGroup;
			exceptions = (
				24B71BDC2E9865D3005ED2AA /* Exceptions for "PokeCalc" folder in "PokeCalcTests" target */,
				24B71BDD2E9865D3005ED2AA /* Exceptions for "PokeCalc" folder in "PokeCalcUITests" target */,
				24B71BDE2E9865D3005ED2AA /* Exceptions for "PokeCalc" folder in "PokeCalcShare" target */,
				24B71BDF2E9865D3005ED2AA /* Exceptions for "PokeCalc" folder in "PokeCalcWidgetExtension" target */,
			);
			path = PokeCalc;
			sourceTree = "<group>";
		};
		24E040962E96B4A000742D63 /* PokeCalcTests */ = {
			isa = PBXFileSystemSynchronizedRootGroup;
			path = PokeCalcTests;
			sourceTree = "<group>";
		};
		24E040A02E96B4A000742D63 /* PokeCalcUITests */ = {
			isa = PBXFileSystemSynchronizedRootGroup;
			path = PokeCalcUITests;
			sourceTree = "<group>";
		};
		24E040B62E96B58200742D63 /* PokeCalcShare */ = {
			isa = PBXFileSystemSynchronizedRootGroup;
			exceptions = (
				24E040C02E96B58300742D63 /* Exceptions for "PokeCalcShare" folder in "PokeCalcShare" target */,
			);
			path = PokeCalcShare;
			sourceTree = "<group>";
		};
		24E040D02E96B59E00742D63 /* PokeCalcWidget */ = {
			isa = PBXFileSystemSynchronizedRootGroup;
			exceptions = (
				24E040E12E96B59F00742D63 /* Exceptions for "PokeCalcWidget" folder in "PokeCalcWidgetExtension" target */,
			);
			path = PokeCalcWidget;
			sourceTree = "<group>";
		};
/* End PBXFileSystemSynchronizedRootGroup section */

/* Begin PBXFrameworksBuildPhase section */
		24E040802E96B49F00742D63 /* Frameworks */ = {
			isa = PBXFrameworksBuildPhase;
			buildActionMask = 2147483647;
			files = (
			);
			runOnlyForDeploymentPostprocessing = 0;
		};
		24E040902E96B4A000742D63 /* Frameworks */ = {
			isa = PBXFrameworksBuildPhase;
			buildActionMask = 2147483647;
			files = (
			);
			runOnlyForDeploymentPostprocessing = 0;
		};
		24E0409A2E96B4A000742D63 /* Frameworks */ = {
			isa = PBXFrameworksBuildPhase;
			buildActionMask = 2147483647;
			files = (
			);
			runOnlyForDeploymentPostprocessing = 0;
		};
		24E040B22E96B58200742D63 /* Frameworks */ = {
			isa = PBXFrameworksBuildPhase;
			buildActionMask = 2147483647;
			files = (
			);
			runOnlyForDeploymentPostprocessing = 0;
		};
		24E040C72E96B59E00742D63 /* Frameworks */ = {
			isa = PBXFrameworksBuildPhase;
			buildActionMask = 2147483647;
			files = (
				24E040CF2E96B59E00742D63 /* SwiftUI.framework in Frameworks */,
				24E040CD2E96B59E00742D63 /* WidgetKit.framework in Frameworks */,
			);
			runOnlyForDeploymentPostprocessing = 0;
		};
/* End PBXFrameworksBuildPhase section */

/* Begin PBXGroup section */
		24E0407A2E96B49F00742D63 = {
			isa = PBXGroup;
			children = (
				24E040E52E96B5A400742D63 /* PokeCalcWidgetExtension.entitlements */,
				24E040852E96B49F00742D63 /* PokeCalc */,
				24E040962E96B4A000742D63 /* PokeCalcTests */,
				24E040A02E96B4A000742D63 /* PokeCalcUITests */,
				24E040B62E96B58200742D63 /* PokeCalcShare */,
				24E040D02E96B59E00742D63 /* PokeCalcWidget */,
				24E040CB2E96B59E00742D63 /* Frameworks */,
				24E040842E96B49F00742D63 /* Products */,
			);
			sourceTree = "<group>";
		};
		24E040842E96B49F00742D63 /* Products */ = {
			isa = PBXGroup;
			children = (
				24E040832E96B49F00742D63 /* PokeCalc.app */,
				24E040932E96B4A000742D63 /* PokeCalcTests.xctest */,
				24E0409D2E96B4A000742D63 /* PokeCalcUITests.xctest */,
				24E040B52E96B58200742D63 /* PokeCalcShare.appex */,
				24E040CA2E96B59E00742D63 /* PokeCalcWidgetExtension.appex */,
			);
			name = Products;
			sourceTree = "<group>";
		};
		24E040CB2E96B59E00742D63 /* Frameworks */ = {
			isa = PBXGroup;
			children = (
				24E040CC2E96B59E00742D63 /* WidgetKit.framework */,
				24E040CE2E96B59E00742D63 /* SwiftUI.framework */,
			);
			name = Frameworks;
			sourceTree = "<group>";
		};
/* End PBXGroup section */

/* Begin PBXNativeTarget section */
		24E040822E96B49F00742D63 /* PokeCalc */ = {
			isa = PBXNativeTarget;
			buildConfigurationList = 24E040A72E96B4A000742D63 /* Build configuration list for PBXNativeTarget "PokeCalc" */;
			buildPhases = (
				24E0407F2E96B49F00742D63 /* Sources */,
				24E040802E96B49F00742D63 /* Frameworks */,
				24E040812E96B49F00742D63 /* Resources */,
				24E040C42E96B58300742D63 /* Embed Foundation Extensions */,
			);
			buildRules = (
			);
			dependencies = (
				24E040BE2E96B58300742D63 /* PBXTargetDependency */,
				24E040DF2E96B59F00742D63 /* PBXTargetDependency */,
			);
			fileSystemSynchronizedGroups = (
				24E040852E96B49F00742D63 /* PokeCalc */,
			);
			name = PokeCalc;
			packageProductDependencies = (
			);
			productName = PokeCalc;
			productReference = 24E040832E96B49F00742D63 /* PokeCalc.app */;
			productType = "com.apple.product-type.application";
		};
		24E040922E96B4A000742D63 /* PokeCalcTests */ = {
			isa = PBXNativeTarget;
			buildConfigurationList = 24E040AA2E96B4A000742D63 /* Build configuration list for PBXNativeTarget "PokeCalcTests" */;
			buildPhases = (
				24E0408F2E96B4A000742D63 /* Sources */,
				24E040902E96B4A000742D63 /* Frameworks */,
				24E040912E96B4A000742D63 /* Resources */,
			);
			buildRules = (
			);
			dependencies = (
				24E040952E96B4A000742D63 /* PBXTargetDependency */,
			);
			fileSystemSynchronizedGroups = (
				24E040962E96B4A000742D63 /* PokeCalcTests */,
			);
			name = PokeCalcTests;
			packageProductDependencies = (
			);
			productName = PokeCalcTests;
			productReference = 24E040932E96B4A000742D63 /* PokeCalcTests.xctest */;
			productType = "com.apple.product-type.bundle.unit-test";
		};
		24E0409C2E96B4A000742D63 /* PokeCalcUITests */ = {
			isa = PBXNativeTarget;
			buildConfigurationList = 24E040AD2E96B4A000742D63 /* Build configuration list for PBXNativeTarget "PokeCalcUITests" */;
			buildPhases = (
				24E040992E96B4A000742D63 /* Sources */,
				24E0409A2E96B4A000742D63 /* Frameworks */,
				24E0409B2E96B4A000742D63 /* Resources */,
			);
			buildRules = (
			);
			dependencies = (
				24E0409F2E96B4A000742D63 /* PBXTargetDependency */,
			);
			fileSystemSynchronizedGroups = (
				24E040A02E96B4A000742D63 /* PokeCalcUITests */,
			);
			name = PokeCalcUITests;
			packageProductDependencies = (
			);
			productName = PokeCalcUITests;
			productReference = 24E0409D2E96B4A000742D63 /* PokeCalcUITests.xctest */;
			productType = "com.apple.product-type.bundle.ui-testing";
		};
		24E040B42E96B58200742D63 /* PokeCalcShare */ = {
			isa = PBXNativeTarget;
			buildConfigurationList = 24E040C12E96B58300742D63 /* Build configuration list for PBXNativeTarget "PokeCalcShare" */;
			buildPhases = (
				24E040B12E96B58200742D63 /* Sources */,
				24E040B22E96B58200742D63 /* Frameworks */,
				24E040B32E96B58200742D63 /* Resources */,
			);
			buildRules = (
			);
			dependencies = (
			);
			fileSystemSynchronizedGroups = (
				24E040B62E96B58200742D63 /* PokeCalcShare */,
			);
			name = PokeCalcShare;
			packageProductDependencies = (
			);
			productName = PokeCalcShare;
			productReference = 24E040B52E96B58200742D63 /* PokeCalcShare.appex */;
			productType = "com.apple.product-type.app-extension";
		};
		24E040C92E96B59E00742D63 /* PokeCalcWidgetExtension */ = {
			isa = PBXNativeTarget;
			buildConfigurationList = 24E040E22E96B59F00742D63 /* Build configuration list for PBXNativeTarget "PokeCalcWidgetExtension" */;
			buildPhases = (
				24E040C62E96B59E00742D63 /* Sources */,
				24E040C72E96B59E00742D63 /* Frameworks */,
				24E040C82E96B59E00742D63 /* Resources */,
			);
			buildRules = (
			);
			dependencies = (
			);
			fileSystemSynchronizedGroups = (
				24E040D02E96B59E00742D63 /* PokeCalcWidget */,
			);
			name = PokeCalcWidgetExtension;
			packageProductDependencies = (
			);
			productName = PokeCalcWidgetExtension;
			productReference = 24E040CA2E96B59E00742D63 /* PokeCalcWidgetExtension.appex */;
			productType = "com.apple.product-type.app-extension";
		};
/* End PBXNativeTarget section */

/* Begin PBXProject section */
		24E0407B2E96B49F00742D63 /* Project object */ = {
			isa = PBXProject;
			attributes = {
				BuildIndependentTargetsInParallel = 1;
				LastSwiftUpdateCheck = 1610;
				LastUpgradeCheck = 1610;
				TargetAttributes = {
					24E040822E96B49F00742D63 = {
						CreatedOnToolsVersion = 16.1;
					};
					24E040922E96B4A000742D63 = {
						CreatedOnToolsVersion = 16.1;
						TestTargetID = 24E040822E96B49F00742D63;
					};
					24E0409C2E96B4A000742D63 = {
						CreatedOnToolsVersion = 16.1;
						TestTargetID = 24E040822E96B49F00742D63;
					};
					24E040B42E96B58200742D63 = {
						CreatedOnToolsVersion = 16.1;
					};
					24E040C92E96B59E00742D63 = {
						CreatedOnToolsVersion = 16.1;
					};
				};
			};
			buildConfigurationList = 24E0407E2E96B49F00742D63 /* Build configuration list for PBXProject "PokeCalc" */;
			developmentRegion = en;
			hasScannedForEncodings = 0;
			knownRegions = (
				en,
				Base,
			);
			mainGroup = 24E0407A2E96B49F00742D63;
			minimizedProjectReferenceProxies = 1;
			preferredProjectObjectVersion = 77;
			productRefGroup = 24E040842E96B49F00742D63 /* Products */;
			projectDirPath = "";
			projectRoot = "";
			targets = (
				24E040822E96B49F00742D63 /* PokeCalc */,
				24E040922E96B4A000742D63 /* PokeCalcTests */,
				24E0409C2E96B4A000742D63 /* PokeCalcUITests */,
				24E040B42E96B58200742D63 /* PokeCalcShare */,
				24E040C92E96B59E00742D63 /* PokeCalcWidgetExtension */,
			);
		};
/* End PBXProject section */

/* Begin PBXResourcesBuildPhase section */
		24E040812E96B49F00742D63 /* Resources */ = {
			isa = PBXResourcesBuildPhase;
			buildActionMask = 2147483647;
			files = (
			);
			runOnlyForDeploymentPostprocessing = 0;
		};
		24E040912E96B4A000742D63 /* Resources */ = {
			isa = PBXResourcesBuildPhase;
			buildActionMask = 2147483647;
			files = (
			);
			runOnlyForDeploymentPostprocessing = 0;
		};
		24E0409B2E96B4A000742D63 /* Resources */ = {
			isa = PBXResourcesBuildPhase;
			buildActionMask = 2147483647;
			files = (
			);
			runOnlyForDeploymentPostprocessing = 0;
		};
		24E040B32E96B58200742D63 /* Resources */ = {
			isa = PBXResourcesBuildPhase;
			buildActionMask = 2147483647;
			files = (
			);
			runOnlyForDeploymentPostprocessing = 0;
		};
		24E040C82E96B59E00742D63 /* Resources */ = {
			isa = PBXResourcesBuildPhase;
			buildActionMask = 2147483647;
			files = (
			);
			runOnlyForDeploymentPostprocessing = 0;
		};
/* End PBXResourcesBuildPhase section */

/* Begin PBXSourcesBuildPhase section */
		24E0407F2E96B49F00742D63 /* Sources */ = {
			isa = PBXSourcesBuildPhase;
			buildActionMask = 2147483647;
			files = (
			);
			runOnlyForDeploymentPostprocessing = 0;
		};
		24E0408F2E96B4A000742D63 /* Sources */ = {
			isa = PBXSourcesBuildPhase;
			buildActionMask = 2147483647;
			files = (
			);
			runOnlyForDeploymentPostprocessing = 0;
		};
		24E040992E96B4A000742D63 /* Sources */ = {
			isa = PBXSourcesBuildPhase;
			buildActionMask = 2147483647;
			files = (
			);
			runOnlyForDeploymentPostprocessing = 0;
		};
		24E040B12E96B58200742D63 /* Sources */ = {
			isa = PBXSourcesBuildPhase;
			buildActionMask = 2147483647;
			files = (
			);
			runOnlyForDeploymentPostprocessing = 0;
		};
		24E040C62E96B59E00742D63 /* Sources */ = {
			isa = PBXSourcesBuildPhase;
			buildActionMask = 2147483647;
			files = (
			);
			runOnlyForDeploymentPostprocessing = 0;
		};
/* End PBXSourcesBuildPhase section */

/* Begin PBXTargetDependency section */
		24E040952E96B4A000742D63 /* PBXTargetDependency */ = {
			isa = PBXTargetDependency;
			target = 24E040822E96B49F00742D63 /* PokeCalc */;
			targetProxy = 24E040942E96B4A000742D63 /* PBXContainerItemProxy */;
		};
		24E0409F2E96B4A000742D63 /* PBXTargetDependency */ = {
			isa = PBXTargetDependency;
			target = 24E040822E96B49F00742D63 /* PokeCalc */;
			targetProxy = 24E0409E2E96B4A000742D63 /* PBXContainerItemProxy */;
		};
		24E040BE2E96B58300742D63 /* PBXTargetDependency */ = {
			isa = PBXTargetDependency;
			target = 24E040B42E96B58200742D63 /* PokeCalcShare */;
			targetProxy = 24E040BD2E96B58300742D63 /* PBXContainerItemProxy */;
		};
		24E040DF2E96B59F00742D63 /* PBXTargetDependency */ = {
			isa = PBXTargetDependency;
			target = 24E040C92E96B59E00742D63 /* PokeCalcWidgetExtension */;
			targetProxy = 24E040DE2E96B59F00742D63 /* PBXContainerItemProxy */;
		};
/* End PBXTargetDependency section */

/* Begin XCBuildConfiguration section */
		24E040A52E96B4A000742D63 /* Debug */ = {
			isa = XCBuildConfiguration;
			buildSettings = {
				ALWAYS_SEARCH_USER_PATHS = NO;
				ASSETCATALOG_COMPILER_GENERATE_SWIFT_ASSET_SYMBOL_EXTENSIONS = YES;
				CLANG_ANALYZER_NONNULL = YES;
				CLANG_ANALYZER_NUMBER_OBJECT_CONVERSION = YES_AGGRESSIVE;
				CLANG_CXX_LANGUAGE_STANDARD = "gnu++20";
				CLANG_ENABLE_MODULES = YES;
				CLANG_ENABLE_OBJC_ARC = YES;
				CLANG_ENABLE_OBJC_WEAK = YES;
				CLANG_WARN_BLOCK_CAPTURE_AUTORELEASING = YES;
				CLANG_WARN_BOOL_CONVERSION = YES;
				CLANG_WARN_COMMA = YES;
				CLANG_WARN_CONSTANT_CONVERSION = YES;
				CLANG_WARN_DEPRECATED_OBJC_IMPLEMENTATIONS = YES;
				CLANG_WARN_DIRECT_OBJC_ISA_USAGE = YES_ERROR;
				CLANG_WARN_DOCUMENTATION_COMMENTS = YES;
				CLANG_WARN_EMPTY_BODY = YES;
				CLANG_WARN_ENUM_CONVERSION = YES;
				CLANG_WARN_INFINITE_RECURSION = YES;
				CLANG_WARN_INT_CONVERSION = YES;
				CLANG_WARN_NON_LITERAL_NULL_CONVERSION = YES;
				CLANG_WARN_OBJC_IMPLICIT_RETAIN_SELF = YES;
				CLANG_WARN_OBJC_LITERAL_CONVERSION = YES;
				CLANG_WARN_OBJC_ROOT_CLASS = YES_ERROR;
				CLANG_WARN_QUOTED_INCLUDE_IN_FRAMEWORK_HEADER = YES;
				CLANG_WARN_RANGE_LOOP_ANALYSIS = YES;
				CLANG_WARN_STRICT_PROTOTYPES = YES;
				CLANG_WARN_SUSPICIOUS_MOVE = YES;
				CLANG_WARN_UNGUARDED_AVAILABILITY = YES_AGGRESSIVE;
				CLANG_WARN_UNREACHABLE_CODE = YES;
				CLANG_WARN__DUPLICATE_METHOD_MATCH = YES;
				COPY_PHASE_STRIP = NO;
				DEBUG_INFORMATION_FORMAT = dwarf;
				ENABLE_STRICT_OBJC_MSGSEND = YES;
				ENABLE_TESTABILITY = YES;
				ENABLE_USER_SCRIPT_SANDBOXING = YES;
				GCC_C_LANGUAGE_STANDARD = gnu17;
				GCC_DYNAMIC_NO_PIC = NO;
				GCC_NO_COMMON_BLOCKS = YES;
				GCC_OPTIMIZATION_LEVEL = 0;
				GCC_PREPROCESSOR_DEFINITIONS = (
					"DEBUG=1",
					"$(inherited)",
				);
				GCC_WARN_64_TO_32_BIT_CONVERSION = YES;
				GCC_WARN_ABOUT_RETURN_TYPE = YES_ERROR;
				GCC_WARN_UNDECLARED_SELECTOR = YES;
				GCC_WARN_UNINITIALIZED_AUTOS = YES_AGGRESSIVE;
				GCC_WARN_UNUSED_FUNCTION = YES;
				GCC_WARN_UNUSED_VARIABLE = YES;
				IPHONEOS_DEPLOYMENT_TARGET = 18.1;
				LOCALIZATION_PREFERS_STRING_CATALOGS = YES;
				MTL_ENABLE_DEBUG_INFO = INCLUDE_SOURCE;
				MTL_FAST_MATH = YES;
				ONLY_ACTIVE_ARCH = YES;
				SDKROOT = iphoneos;
				SWIFT_ACTIVE_COMPILATION_CONDITIONS = "DEBUG $(inherited)";
				SWIFT_OPTIMIZATION_LEVEL = "-Onone";
			};
			name = Debug;
		};
		24E040A62E96B4A000742D63 /* Release */ = {
			isa = XCBuildConfiguration;
			buildSettings = {
				ALWAYS_SEARCH_USER_PATHS = NO;
				ASSETCATALOG_COMPILER_GENERATE_SWIFT_ASSET_SYMBOL_EXTENSIONS = YES;
				CLANG_ANALYZER_NONNULL = YES;
				CLANG_ANALYZER_NUMBER_OBJECT_CONVERSION = YES_AGGRESSIVE;
				CLANG_CXX_LANGUAGE_STANDARD = "gnu++20";
				CLANG_ENABLE_MODULES = YES;
				CLANG_ENABLE_OBJC_ARC = YES;
				CLANG_ENABLE_OBJC_WEAK = YES;
				CLANG_WARN_BLOCK_CAPTURE_AUTORELEASING = YES;
				CLANG_WARN_BOOL_CONVERSION = YES;
				CLANG_WARN_COMMA = YES;
				CLANG_WARN_CONSTANT_CONVERSION = YES;
				CLANG_WARN_DEPRECATED_OBJC_IMPLEMENTATIONS = YES;
				CLANG_WARN_DIRECT_OBJC_ISA_USAGE = YES_ERROR;
				CLANG_WARN_DOCUMENTATION_COMMENTS = YES;
				CLANG_WARN_EMPTY_BODY = YES;
				CLANG_WARN_ENUM_CONVERSION = YES;
				CLANG_WARN_INFINITE_RECURSION = YES;
				CLANG_WARN_INT_CONVERSION = YES;
				CLANG_WARN_NON_LITERAL_NULL_CONVERSION = YES;
				CLANG_WARN_OBJC_IMPLICIT_RETAIN_SELF = YES;
				CLANG_WARN_OBJC_LITERAL_CONVERSION = YES;
				CLANG_WARN_OBJC_ROOT_CLASS = YES_ERROR;
				CLANG_WARN_QUOTED_INCLUDE_IN_FRAMEWORK_HEADER = YES;
				CLANG_WARN_RANGE_LOOP_ANALYSIS = YES;
				CLANG_WARN_STRICT_PROTOTYPES = YES;
				CLANG_WARN_SUSPICIOUS_MOVE = YES;
				CLANG_WARN_UNGUARDED_AVAILABILITY = YES_AGGRESSIVE;
				CLANG_WARN_UNREACHABLE_CODE = YES;
				CLANG_WARN__DUPLICATE_METHOD_MATCH = YES;
				COPY_PHASE_STRIP = NO;
				DEBUG_INFORMATION_FORMAT = "dwarf-with-dsym";
				ENABLE_NS_ASSERTIONS = NO;
				ENABLE_STRICT_OBJC_MSGSEND = YES;
				ENABLE_USER_SCRIPT_SANDBOXING = YES;
				GCC_C_LANGUAGE_STANDARD = gnu17;
				GCC_NO_COMMON_BLOCKS = YES;
				GCC_WARN_64_TO_32_BIT_CONVERSION = YES;
				GCC_WARN_ABOUT_RETURN_TYPE = YES_ERROR;
				GCC_WARN_UNDECLARED_SELECTOR = YES;
				GCC_WARN_UNINITIALIZED_AUTOS = YES_AGGRESSIVE;
				GCC_WARN_UNUSED_FUNCTION = YES;
				GCC_WARN_UNUSED_VARIABLE = YES;
				IPHONEOS_DEPLOYMENT_TARGET = 18.1;
				LOCALIZATION_PREFERS_STRING_CATALOGS = YES;
				MTL_ENABLE_DEBUG_INFO = NO;
				MTL_FAST_MATH = YES;
				SDKROOT = iphoneos;
				SWIFT_COMPILATION_MODE = wholemodule;
				VALIDATE_PRODUCT = YES;
			};
			name = Release;
		};
		24E040A82E96B4A000742D63 /* Debug */ = {
			isa = XCBuildConfiguration;
			buildSettings = {
				ASSETCATALOG_COMPILER_APPICON_NAME = AppIcon;
				ASSETCATALOG_COMPILER_GLOBAL_ACCENT_COLOR_NAME = AccentColor;
				CODE_SIGN_ENTITLEMENTS = PokeCalc/PokeCalc.entitlements;
				CODE_SIGN_STYLE = Automatic;
				CURRENT_PROJECT_VERSION = 1;
				DEVELOPMENT_ASSET_PATHS = "\"PokeCalc/Preview Content\"";
				DEVELOPMENT_TEAM = 3465YZ92H9;
				ENABLE_PREVIEWS = YES;
				GENERATE_INFOPLIST_FILE = YES;
				INFOPLIST_KEY_UIApplicationSceneManifest_Generation = YES;
				INFOPLIST_KEY_UIApplicationSupportsIndirectInputEvents = YES;
				INFOPLIST_KEY_UILaunchScreen_Generation = YES;
				INFOPLIST_KEY_UISupportedInterfaceOrientations_iPad = "UIInterfaceOrientationPortrait UIInterfaceOrientationPortraitUpsideDown UIInterfaceOrientationLandscapeLeft UIInterfaceOrientationLandscapeRight";
				INFOPLIST_KEY_UISupportedInterfaceOrientations_iPhone = "UIInterfaceOrientationPortrait UIInterfaceOrientationLandscapeLeft UIInterfaceOrientationLandscapeRight";
				LD_RUNPATH_SEARCH_PATHS = (
					"$(inherited)",
					"@executable_path/Frameworks",
				);
				MARKETING_VERSION = 1.0;
				PRODUCT_BUNDLE_IDENTIFIER = PokeCalc2.PokeCalc;
				PRODUCT_NAME = "$(TARGET_NAME)";
				SWIFT_EMIT_LOC_STRINGS = YES;
				SWIFT_VERSION = 5.0;
				TARGETED_DEVICE_FAMILY = "1,2";
			};
			name = Debug;
		};
		24E040A92E96B4A000742D63 /* Release */ = {
			isa = XCBuildConfiguration;
			buildSettings = {
				ASSETCATALOG_COMPILER_APPICON_NAME = AppIcon;
				ASSETCATALOG_COMPILER_GLOBAL_ACCENT_COLOR_NAME = AccentColor;
				CODE_SIGN_ENTITLEMENTS = PokeCalc/PokeCalc.entitlements;
				CODE_SIGN_STYLE = Automatic;
				CURRENT_PROJECT_VERSION = 1;
				DEVELOPMENT_ASSET_PATHS = "\"PokeCalc/Preview Content\"";
				DEVELOPMENT_TEAM = 3465YZ92H9;
				ENABLE_PREVIEWS = YES;
				GENERATE_INFOPLIST_FILE = YES;
				INFOPLIST_KEY_UIApplicationSceneManifest_Generation = YES;
				INFOPLIST_KEY_UIApplicationSupportsIndirectInputEvents = YES;
				INFOPLIST_KEY_UILaunchScreen_Generation = YES;
				INFOPLIST_KEY_UISupportedInterfaceOrientations_iPad = "UIInterfaceOrientationPortrait UIInterfaceOrientationPortraitUpsideDown UIInterfaceOrientationLandscapeLeft UIInterfaceOrientationLandscapeRight";
				INFOPLIST_KEY_UISupportedInterfaceOrientations_iPhone = "UIInterfaceOrientationPortrait UIInterfaceOrientationLandscapeLeft UIInterfaceOrientationLandscapeRight";
				LD_RUNPATH_SEARCH_PATHS = (
					"$(inherited)",
					"@executable_path/Frameworks",
				);
				MARKETING_VERSION = 1.0;
				PRODUCT_BUNDLE_IDENTIFIER = PokeCalc2.PokeCalc;
				PRODUCT_NAME = "$(TARGET_NAME)";
				SWIFT_EMIT_LOC_STRINGS = YES;
				SWIFT_VERSION = 5.0;
				TARGETED_DEVICE_FAMILY = "1,2";
			};
			name = Release;
		};
		24E040AB2E96B4A000742D63 /* Debug */ = {
			isa = XCBuildConfiguration;
			buildSettings = {
				BUNDLE_LOADER = "$(TEST_HOST)";
				CODE_SIGN_STYLE = Automatic;
				CURRENT_PROJECT_VERSION = 1;
				GENERATE_INFOPLIST_FILE = YES;
				IPHONEOS_DEPLOYMENT_TARGET = 18.1;
				MARKETING_VERSION = 1.0;
				PRODUCT_BUNDLE_IDENTIFIER = PokeCalc.PokeCalcTests;
				PRODUCT_NAME = "$(TARGET_NAME)";
				SWIFT_EMIT_LOC_STRINGS = NO;
				SWIFT_VERSION = 5.0;
				TARGETED_DEVICE_FAMILY = "1,2";
				TEST_HOST = "$(BUILT_PRODUCTS_DIR)/PokeCalc.app/$(BUNDLE_EXECUTABLE_FOLDER_PATH)/PokeCalc";
			};
			name = Debug;
		};
		24E040AC2E96B4A000742D63 /* Release */ = {
			isa = XCBuildConfiguration;
			buildSettings = {
				BUNDLE_LOADER = "$(TEST_HOST)";
				CODE_SIGN_STYLE = Automatic;
				CURRENT_PROJECT_VERSION = 1;
				GENERATE_INFOPLIST_FILE = YES;
				IPHONEOS_DEPLOYMENT_TARGET = 18.1;
				MARKETING_VERSION = 1.0;
				PRODUCT_BUNDLE_IDENTIFIER = PokeCalc.PokeCalcTests;
				PRODUCT_NAME = "$(TARGET_NAME)";
				SWIFT_EMIT_LOC_STRINGS = NO;
				SWIFT_VERSION = 5.0;
				TARGETED_DEVICE_FAMILY = "1,2";
				TEST_HOST = "$(BUILT_PRODUCTS_DIR)/PokeCalc.app/$(BUNDLE_EXECUTABLE_FOLDER_PATH)/PokeCalc";
			};
			name = Release;
		};
		24E040AE2E96B4A000742D63 /* Debug */ = {
			isa = XCBuildConfiguration;
			buildSettings = {
				CODE_SIGN_STYLE = Automatic;
				CURRENT_PROJECT_VERSION = 1;
				GENERATE_INFOPLIST_FILE = YES;
				MARKETING_VERSION = 1.0;
				PRODUCT_BUNDLE_IDENTIFIER = PokeCalc.PokeCalcUITests;
				PRODUCT_NAME = "$(TARGET_NAME)";
				SWIFT_EMIT_LOC_STRINGS = NO;
				SWIFT_VERSION = 5.0;
				TARGETED_DEVICE_FAMILY = "1,2";
				TEST_TARGET_NAME = PokeCalc;
			};
			name = Debug;
		};
		24E040AF2E96B4A000742D63 /* Release */ = {
			isa = XCBuildConfiguration;
			buildSettings = {
				CODE_SIGN_STYLE = Automatic;
				CURRENT_PROJECT_VERSION = 1;
				GENERATE_INFOPLIST_FILE = YES;
				MARKETING_VERSION = 1.0;
				PRODUCT_BUNDLE_IDENTIFIER = PokeCalc.PokeCalcUITests;
				PRODUCT_NAME = "$(TARGET_NAME)";
				SWIFT_EMIT_LOC_STRINGS = NO;
				SWIFT_VERSION = 5.0;
				TARGETED_DEVICE_FAMILY = "1,2";
				TEST_TARGET_NAME = PokeCalc;
			};
			name = Release;
		};
		24E040C22E96B58300742D63 /* Debug */ = {
			isa = XCBuildConfiguration;
			buildSettings = {
				CODE_SIGN_ENTITLEMENTS = PokeCalcShare/PokeCalcShare.entitlements;
				CODE_SIGN_STYLE = Automatic;
				CURRENT_PROJECT_VERSION = 1;
				DEVELOPMENT_TEAM = 3465YZ92H9;
				GENERATE_INFOPLIST_FILE = YES;
				INFOPLIST_FILE = PokeCalcShare/Info.plist;
				INFOPLIST_KEY_CFBundleDisplayName = PokeCalcShare;
				INFOPLIST_KEY_NSHumanReadableCopyright = "";
				LD_RUNPATH_SEARCH_PATHS = (
					"$(inherited)",
					"@executable_path/Frameworks",
					"@executable_path/../../Frameworks",
				);
				MARKETING_VERSION = 1.0;
				PRODUCT_BUNDLE_IDENTIFIER = PokeCalc2.PokeCalc.PokeCalcShare;
				PRODUCT_NAME = "$(TARGET_NAME)";
				SKIP_INSTALL = YES;
				SWIFT_EMIT_LOC_STRINGS = YES;
				SWIFT_VERSION = 5.0;
				TARGETED_DEVICE_FAMILY = "1,2";
			};
			name = Debug;
		};
		24E040C32E96B58300742D63 /* Release */ = {
			isa = XCBuildConfiguration;
			buildSettings = {
				CODE_SIGN_ENTITLEMENTS = PokeCalcShare/PokeCalcShare.entitlements;
				CODE_SIGN_STYLE = Automatic;
				CURRENT_PROJECT_VERSION = 1;
				DEVELOPMENT_TEAM = 3465YZ92H9;
				GENERATE_INFOPLIST_FILE = YES;
				INFOPLIST_FILE = PokeCalcShare/Info.plist;
				INFOPLIST_KEY_CFBundleDisplayName = PokeCalcShare;
				INFOPLIST_KEY_NSHumanReadableCopyright = "";
				LD_RUNPATH_SEARCH_PATHS = (
					"$(inherited)",
					"@executable_path/Frameworks",
					"@executable_path/../../Frameworks",
				);
				MARKETING_VERSION = 1.0;
				PRODUCT_BUNDLE_IDENTIFIER = PokeCalc2.PokeCalc.PokeCalcShare;
				PRODUCT_NAME = "$(TARGET_NAME)";
				SKIP_INSTALL = YES;
				SWIFT_EMIT_LOC_STRINGS = YES;
				SWIFT_VERSION = 5.0;
				TARGETED_DEVICE_FAMILY = "1,2";
			};
			name = Release;
		};
		24E040E32E96B59F00742D63 /* Debug */ = {
			isa = XCBuildConfiguration;
			buildSettings = {
				ASSETCATALOG_COMPILER_GLOBAL_ACCENT_COLOR_NAME = AccentColor;
				ASSETCATALOG_COMPILER_WIDGET_BACKGROUND_COLOR_NAME = WidgetBackground;
				CODE_SIGN_ENTITLEMENTS = PokeCalcWidgetExtension.entitlements;
				CODE_SIGN_STYLE = Automatic;
				CURRENT_PROJECT_VERSION = 1;
				DEVELOPMENT_TEAM = 3465YZ92H9;
				GENERATE_INFOPLIST_FILE = YES;
				INFOPLIST_FILE = PokeCalcWidget/Info.plist;
				INFOPLIST_KEY_CFBundleDisplayName = PokeCalcWidget;
				INFOPLIST_KEY_NSHumanReadableCopyright = "";
				LD_RUNPATH_SEARCH_PATHS = (
					"$(inherited)",
					"@executable_path/Frameworks",
					"@executable_path/../../Frameworks",
				);
				MARKETING_VERSION = 1.0;
				PRODUCT_BUNDLE_IDENTIFIER = PokeCalc2.PokeCalc.PokeCalcWidget;
				PRODUCT_NAME = "$(TARGET_NAME)";
				SKIP_INSTALL = YES;
				SWIFT_EMIT_LOC_STRINGS = YES;
				SWIFT_VERSION = 5.0;
				TARGETED_DEVICE_FAMILY = "1,2";
			};
			name = Debug;
		};
		24E040E42E96B59F00742D63 /* Release */ = {
			isa = XCBuildConfiguration;
			buildSettings = {
				ASSETCATALOG_COMPILER_GLOBAL_ACCENT_COLOR_NAME = AccentColor;
				ASSETCATALOG_COMPILER_WIDGET_BACKGROUND_COLOR_NAME = WidgetBackground;
				CODE_SIGN_ENTITLEMENTS = PokeCalcWidgetExtension.entitlements;
				CODE_SIGN_STYLE = Automatic;
				CURRENT_PROJECT_VERSION = 1;
				DEVELOPMENT_TEAM = 3465YZ92H9;
				GENERATE_INFOPLIST_FILE = YES;
				INFOPLIST_FILE = PokeCalcWidget/Info.plist;
				INFOPLIST_KEY_CFBundleDisplayName = PokeCalcWidget;
				INFOPLIST_KEY_NSHumanReadableCopyright = "";
				LD_RUNPATH_SEARCH_PATHS = (
					"$(inherited)",
					"@executable_path/Frameworks",
					"@executable_path/../../Frameworks",
				);
				MARKETING_VERSION = 1.0;
				PRODUCT_BUNDLE_IDENTIFIER = PokeCalc2.PokeCalc.PokeCalcWidget;
				PRODUCT_NAME = "$(TARGET_NAME)";
				SKIP_INSTALL = YES;
				SWIFT_EMIT_LOC_STRINGS = YES;
				SWIFT_VERSION = 5.0;
				TARGETED_DEVICE_FAMILY = "1,2";
			};
			name = Release;
		};
/* End XCBuildConfiguration section */

/* Begin XCConfigurationList section */
		24E0407E2E96B49F00742D63 /* Build configuration list for PBXProject "PokeCalc" */ = {
			isa = XCConfigurationList;
			buildConfigurations = (
				24E040A52E96B4A000742D63 /* Debug */,
				24E040A62E96B4A000742D63 /* Release */,
			);
			defaultConfigurationIsVisible = 0;
			defaultConfigurationName = Release;
		};
		24E040A72E96B4A000742D63 /* Build configuration list for PBXNativeTarget "PokeCalc" */ = {
			isa = XCConfigurationList;
			buildConfigurations = (
				24E040A82E96B4A000742D63 /* Debug */,
				24E040A92E96B4A000742D63 /* Release */,
			);
			defaultConfigurationIsVisible = 0;
			defaultConfigurationName = Release;
		};
		24E040AA2E96B4A000742D63 /* Build configuration list for PBXNativeTarget "PokeCalcTests" */ = {
			isa = XCConfigurationList;
			buildConfigurations = (
				24E040AB2E96B4A000742D63 /* Debug */,
				24E040AC2E96B4A000742D63 /* Release */,
			);
			defaultConfigurationIsVisible = 0;
			defaultConfigurationName = Release;
		};
		24E040AD2E96B4A000742D63 /* Build configuration list for PBXNativeTarget "PokeCalcUITests" */ = {
			isa = XCConfigurationList;
			buildConfigurations = (
				24E040AE2E96B4A000742D63 /* Debug */,
				24E040AF2E96B4A000742D63 /* Release */,
			);
			defaultConfigurationIsVisible = 0;
			defaultConfigurationName = Release;
		};
		24E040C12E96B58300742D63 /* Build configuration list for PBXNativeTarget "PokeCalcShare" */ = {
			isa = XCConfigurationList;
			buildConfigurations = (
				24E040C22E96B58300742D63 /* Debug */,
				24E040C32E96B58300742D63 /* Release */,
			);
			defaultConfigurationIsVisible = 0;
			defaultConfigurationName = Release;
		};
		24E040E22E96B59F00742D63 /* Build configuration list for PBXNativeTarget "PokeCalcWidgetExtension" */ = {
			isa = XCConfigurationList;
			buildConfigurations = (
				24E040E32E96B59F00742D63 /* Debug */,
				24E040E42E96B59F00742D63 /* Release */,
			);
			defaultConfigurationIsVisible = 0;
			defaultConfigurationName = Release;
		};
/* End XCConfigurationList section */
	};
	rootObject = 24E0407B2E96B49F00742D63 /* Project object */;
}
